
Microsoft Visual Studio Solution File, Format Version 12.00
# Visual Studio Version 17
VisualStudioVersion = 17.10.35027.167
MinimumVisualStudioVersion = 10.0.40219.1
Project("{FAE04EC0-301F-11D3-BF4B-00C04F79EFBC}") = "JsTsLettersStatistics", "JsTsLettersStatistics\JsTsLettersStatistics.csproj", "{B8DFDF15-859B-45AB-83FA-78CF51588BB7}"
EndProject
Project("{9A19103F-16F7-4668-BE54-9A1E7A4F7556}") = "JsTsLettersStatistics.Tests", "JsTsLettersStatistics.Tests\JsTsLettersStatistics.Tests.csproj", "{A8AF451E-CEEE-4B29-85DB-466F02000724}"
EndProject
Global
	GlobalSection(SolutionConfigurationPlatforms) = preSolution
		Debug|Any CPU = Debug|Any CPU
		Release|Any CPU = Release|Any CPU
	EndGlobalSection
	GlobalSection(ProjectConfigurationPlatforms) = postSolution
		{B8DFDF15-859B-45AB-83FA-78CF51588BB7}.Debug|Any CPU.ActiveCfg = Debug|Any CPU
		{B8DFDF15-859B-45AB-83FA-78CF51588BB7}.Debug|Any CPU.Build.0 = Debug|Any CPU
		{B8DFDF15-859B-45AB-83FA-78CF51588BB7}.Release|Any CPU.ActiveCfg = Release|Any CPU
		{B8DFDF15-859B-45AB-83FA-78CF51588BB7}.Release|Any CPU.Build.0 = Release|Any CPU
		{A8AF451E-CEEE-4B29-85DB-466F02000724}.Debug|Any CPU.ActiveCfg = Debug|Any CPU
		{A8AF451E-CEEE-4B29-85DB-466F02000724}.Debug|Any CPU.Build.0 = Debug|Any CPU
		{A8AF451E-CEEE-4B29-85DB-466F02000724}.Release|Any CPU.ActiveCfg = Release|Any CPU
		{A8AF451E-CEEE-4B29-85DB-466F02000724}.Release|Any CPU.Build.0 = Release|Any CPU
	EndGlobalSection
	GlobalSection(SolutionProperties) = preSolution
		HideSolutionNode = FALSE
	EndGlobalSection
	GlobalSection(ExtensibilityGlobals) = postSolution
		SolutionGuid = {38AF920C-DCE3-4CCA-86E6-BCA335FE67BF}
	EndGlobalSection
EndGlobal
